// !$*UTF8*$!
{
	archiveVersion = 1;
	classes = {
	};
	objectVersion = 46;
	objects = {

/* Begin PBXBuildFile section */
		AC28D85418B8C2CF0054DA9F /* BLEDevice.m in Sources */ = {isa = PBXBuildFile; fileRef = AC28D84918B8C2CF0054DA9F /* BLEDevice.m */; };
		AC28D85518B8C2CF0054DA9F /* BLEUtility.m in Sources */ = {isa = PBXBuildFile; fileRef = AC28D84B18B8C2CF0054DA9F /* BLEUtility.m */; };
		AC28D85618B8C2CF0054DA9F /* deviceCellTemplate.m in Sources */ = {isa = PBXBuildFile; fileRef = AC28D84D18B8C2CF0054DA9F /* deviceCellTemplate.m */; };
		AC28D85718B8C2CF0054DA9F /* deviceSelector.m in Sources */ = {isa = PBXBuildFile; fileRef = AC28D84F18B8C2CF0054DA9F /* deviceSelector.m */; };
		AC28D85818B8C2CF0054DA9F /* Sensors.m in Sources */ = {isa = PBXBuildFile; fileRef = AC28D85118B8C2CF0054DA9F /* Sensors.m */; };
		AC28D85918B8C2CF0054DA9F /* SensorTagApplicationViewController.m in Sources */ = {isa = PBXBuildFile; fileRef = AC28D85318B8C2CF0054DA9F /* SensorTagApplicationViewController.m */; };
		ACEDC7F418BA0AB100A96FB5 /* angelIcon.png in Resources */ = {isa = PBXBuildFile; fileRef = ACEDC7F318BA0AB100A96FB5 /* angelIcon.png */; };
		ACEDC7F618BA0B0800A96FB5 /* angel2.png in Resources */ = {isa = PBXBuildFile; fileRef = ACEDC7F518BA0B0800A96FB5 /* angel2.png */; };
		ACEDC7F718BA2CB800A96FB5 /* Main_iPhone.storyboard in Resources */ = {isa = PBXBuildFile; fileRef = B0C7104B18B65A5800245567 /* Main_iPhone.storyboard */; };
		ACEDC7F818BA2CB800A96FB5 /* Main_iPad.storyboard in Resources */ = {isa = PBXBuildFile; fileRef = B0C7104E18B65A5800245567 /* Main_iPad.storyboard */; };
		B004AAC218B75504003FA812 /* CoreBluetooth.framework in Frameworks */ = {isa = PBXBuildFile; fileRef = B004AAC118B75504003FA812 /* CoreBluetooth.framework */; };
		B06546F518B75EF30021AF58 /* MessageUI.framework in Frameworks */ = {isa = PBXBuildFile; fileRef = B06546F418B75EF30021AF58 /* MessageUI.framework */; };
		B092B41E18B670A50013653D /* PairView.m in Sources */ = {isa = PBXBuildFile; fileRef = B092B41D18B670A50013653D /* PairView.m */; };
		B092B42018B683370013653D /* pair.png in Resources */ = {isa = PBXBuildFile; fileRef = B092B41F18B683370013653D /* pair.png */; };
		B092B42418B68ED70013653D /* Default.png in Resources */ = {isa = PBXBuildFile; fileRef = B092B42318B68ED70013653D /* Default.png */; };
		B092B42618B690EB0013653D /* MapKit.framework in Frameworks */ = {isa = PBXBuildFile; fileRef = B092B42518B690EB0013653D /* MapKit.framework */; };
		B092B42818B690F20013653D /* CoreLocation.framework in Frameworks */ = {isa = PBXBuildFile; fileRef = B092B42718B690F20013653D /* CoreLocation.framework */; };
		B0C7103A18B65A5800245567 /* Foundation.framework in Frameworks */ = {isa = PBXBuildFile; fileRef = B0C7103918B65A5800245567 /* Foundation.framework */; };
		B0C7103C18B65A5800245567 /* CoreGraphics.framework in Frameworks */ = {isa = PBXBuildFile; fileRef = B0C7103B18B65A5800245567 /* CoreGraphics.framework */; };
		B0C7103E18B65A5800245567 /* UIKit.framework in Frameworks */ = {isa = PBXBuildFile; fileRef = B0C7103D18B65A5800245567 /* UIKit.framework */; };
		B0C7104418B65A5800245567 /* InfoPlist.strings in Resources */ = {isa = PBXBuildFile; fileRef = B0C7104218B65A5800245567 /* InfoPlist.strings */; };
		B0C7104618B65A5800245567 /* main.m in Sources */ = {isa = PBXBuildFile; fileRef = B0C7104518B65A5800245567 /* main.m */; };
		B0C7104A18B65A5800245567 /* AppDelegate.m in Sources */ = {isa = PBXBuildFile; fileRef = B0C7104918B65A5800245567 /* AppDelegate.m */; };
		B0C7105318B65A5800245567 /* ViewController.m in Sources */ = {isa = PBXBuildFile; fileRef = B0C7105218B65A5800245567 /* ViewController.m */; };
		B0C7105518B65A5900245567 /* Images.xcassets in Resources */ = {isa = PBXBuildFile; fileRef = B0C7105418B65A5800245567 /* Images.xcassets */; };
		B0C7105C18B65A5900245567 /* XCTest.framework in Frameworks */ = {isa = PBXBuildFile; fileRef = B0C7105B18B65A5900245567 /* XCTest.framework */; };
		B0C7105D18B65A5900245567 /* Foundation.framework in Frameworks */ = {isa = PBXBuildFile; fileRef = B0C7103918B65A5800245567 /* Foundation.framework */; };
		B0C7105E18B65A5900245567 /* UIKit.framework in Frameworks */ = {isa = PBXBuildFile; fileRef = B0C7103D18B65A5800245567 /* UIKit.framework */; };
/* End PBXBuildFile section */

/* Begin PBXContainerItemProxy section */
		B0C7105F18B65A5900245567 /* PBXContainerItemProxy */ = {
			isa = PBXContainerItemProxy;
			containerPortal = B0C7102E18B65A5800245567 /* Project object */;
			proxyType = 1;
			remoteGlobalIDString = B0C7103518B65A5800245567;
			remoteInfo = AngelDemo;
		};
/* End PBXContainerItemProxy section */

/* Begin PBXFileReference section */
		AC28D84818B8C2CF0054DA9F /* BLEDevice.h */ = {isa = PBXFileReference; fileEncoding = 4; lastKnownFileType = sourcecode.c.h; name = BLEDevice.h; path = "../SensorTag/Sensor Example Source Code 1.1.0/SensorTagEX/BLEDevice.h"; sourceTree = "<group>"; };
		AC28D84918B8C2CF0054DA9F /* BLEDevice.m */ = {isa = PBXFileReference; fileEncoding = 4; lastKnownFileType = sourcecode.c.objc; name = BLEDevice.m; path = "../SensorTag/Sensor Example Source Code 1.1.0/SensorTagEX/BLEDevice.m"; sourceTree = "<group>"; };
		AC28D84A18B8C2CF0054DA9F /* BLEUtility.h */ = {isa = PBXFileReference; fileEncoding = 4; lastKnownFileType = sourcecode.c.h; name = BLEUtility.h; path = "../SensorTag/Sensor Example Source Code 1.1.0/SensorTagEX/BLEUtility.h"; sourceTree = "<group>"; };
		AC28D84B18B8C2CF0054DA9F /* BLEUtility.m */ = {isa = PBXFileReference; fileEncoding = 4; lastKnownFileType = sourcecode.c.objc; name = BLEUtility.m; path = "../SensorTag/Sensor Example Source Code 1.1.0/SensorTagEX/BLEUtility.m"; sourceTree = "<group>"; };
		AC28D84C18B8C2CF0054DA9F /* deviceCellTemplate.h */ = {isa = PBXFileReference; fileEncoding = 4; lastKnownFileType = sourcecode.c.h; name = deviceCellTemplate.h; path = "../SensorTag/Sensor Example Source Code 1.1.0/SensorTagEX/deviceCellTemplate.h"; sourceTree = "<group>"; };
		AC28D84D18B8C2CF0054DA9F /* deviceCellTemplate.m */ = {isa = PBXFileReference; fileEncoding = 4; lastKnownFileType = sourcecode.c.objc; name = deviceCellTemplate.m; path = "../SensorTag/Sensor Example Source Code 1.1.0/SensorTagEX/deviceCellTemplate.m"; sourceTree = "<group>"; };
		AC28D84E18B8C2CF0054DA9F /* deviceSelector.h */ = {isa = PBXFileReference; fileEncoding = 4; lastKnownFileType = sourcecode.c.h; name = deviceSelector.h; path = "../SensorTag/Sensor Example Source Code 1.1.0/SensorTagEX/deviceSelector.h"; sourceTree = "<group>"; };
		AC28D84F18B8C2CF0054DA9F /* deviceSelector.m */ = {isa = PBXFileReference; fileEncoding = 4; lastKnownFileType = sourcecode.c.objc; name = deviceSelector.m; path = "../SensorTag/Sensor Example Source Code 1.1.0/SensorTagEX/deviceSelector.m"; sourceTree = "<group>"; };
		AC28D85018B8C2CF0054DA9F /* Sensors.h */ = {isa = PBXFileReference; fileEncoding = 4; lastKnownFileType = sourcecode.c.h; name = Sensors.h; path = "../SensorTag/Sensor Example Source Code 1.1.0/SensorTagEX/Sensors.h"; sourceTree = "<group>"; };
		AC28D85118B8C2CF0054DA9F /* Sensors.m */ = {isa = PBXFileReference; fileEncoding = 4; lastKnownFileType = sourcecode.c.objc; name = Sensors.m; path = "../SensorTag/Sensor Example Source Code 1.1.0/SensorTagEX/Sensors.m"; sourceTree = "<group>"; };
		AC28D85218B8C2CF0054DA9F /* SensorTagApplicationViewController.h */ = {isa = PBXFileReference; fileEncoding = 4; lastKnownFileType = sourcecode.c.h; name = SensorTagApplicationViewController.h; path = "../SensorTag/Sensor Example Source Code 1.1.0/SensorTagEX/SensorTagApplicationViewController.h"; sourceTree = "<group>"; };
		AC28D85318B8C2CF0054DA9F /* SensorTagApplicationViewController.m */ = {isa = PBXFileReference; fileEncoding = 4; lastKnownFileType = sourcecode.c.objc; name = SensorTagApplicationViewController.m; path = "../SensorTag/Sensor Example Source Code 1.1.0/SensorTagEX/SensorTagApplicationViewController.m"; sourceTree = "<group>"; };
		ACEDC7F318BA0AB100A96FB5 /* angelIcon.png */ = {isa = PBXFileReference; lastKnownFileType = image.png; name = angelIcon.png; path = ../angelIcon.png; sourceTree = "<group>"; };
		ACEDC7F518BA0B0800A96FB5 /* angel2.png */ = {isa = PBXFileReference; lastKnownFileType = image.png; name = angel2.png; path = ../angel2.png; sourceTree = "<group>"; };
		B004AAC118B75504003FA812 /* CoreBluetooth.framework */ = {isa = PBXFileReference; lastKnownFileType = wrapper.framework; name = CoreBluetooth.framework; path = System/Library/Frameworks/CoreBluetooth.framework; sourceTree = SDKROOT; };
		B06546F418B75EF30021AF58 /* MessageUI.framework */ = {isa = PBXFileReference; lastKnownFileType = wrapper.framework; name = MessageUI.framework; path = System/Library/Frameworks/MessageUI.framework; sourceTree = SDKROOT; };
		B092B41C18B670A50013653D /* PairView.h */ = {isa = PBXFileReference; fileEncoding = 4; lastKnownFileType = sourcecode.c.h; path = PairView.h; sourceTree = "<group>"; };
		B092B41D18B670A50013653D /* PairView.m */ = {isa = PBXFileReference; fileEncoding = 4; lastKnownFileType = sourcecode.c.objc; path = PairView.m; sourceTree = "<group>"; };
		B092B41F18B683370013653D /* pair.png */ = {isa = PBXFileReference; lastKnownFileType = image.png; path = pair.png; sourceTree = "<group>"; };
		B092B42318B68ED70013653D /* Default.png */ = {isa = PBXFileReference; lastKnownFileType = image.png; name = Default.png; path = Images.xcassets/LaunchImage.launchimage/Default.png; sourceTree = "<group>"; };
		B092B42518B690EB0013653D /* MapKit.framework */ = {isa = PBXFileReference; lastKnownFileType = wrapper.framework; name = MapKit.framework; path = System/Library/Frameworks/MapKit.framework; sourceTree = SDKROOT; };
		B092B42718B690F20013653D /* CoreLocation.framework */ = {isa = PBXFileReference; lastKnownFileType = wrapper.framework; name = CoreLocation.framework; path = System/Library/Frameworks/CoreLocation.framework; sourceTree = SDKROOT; };
		B0C7103618B65A5800245567 /* AngelDemo.app */ = {isa = PBXFileReference; explicitFileType = wrapper.application; includeInIndex = 0; path = AngelDemo.app; sourceTree = BUILT_PRODUCTS_DIR; };
		B0C7103918B65A5800245567 /* Foundation.framework */ = {isa = PBXFileReference; lastKnownFileType = wrapper.framework; name = Foundation.framework; path = System/Library/Frameworks/Foundation.framework; sourceTree = SDKROOT; };
		B0C7103B18B65A5800245567 /* CoreGraphics.framework */ = {isa = PBXFileReference; lastKnownFileType = wrapper.framework; name = CoreGraphics.framework; path = System/Library/Frameworks/CoreGraphics.framework; sourceTree = SDKROOT; };
		B0C7103D18B65A5800245567 /* UIKit.framework */ = {isa = PBXFileReference; lastKnownFileType = wrapper.framework; name = UIKit.framework; path = System/Library/Frameworks/UIKit.framework; sourceTree = SDKROOT; };
		B0C7104118B65A5800245567 /* AngelDemo-Info.plist */ = {isa = PBXFileReference; lastKnownFileType = text.plist.xml; path = "AngelDemo-Info.plist"; sourceTree = "<group>"; };
		B0C7104318B65A5800245567 /* en */ = {isa = PBXFileReference; lastKnownFileType = text.plist.strings; name = en; path = en.lproj/InfoPlist.strings; sourceTree = "<group>"; };
		B0C7104518B65A5800245567 /* main.m */ = {isa = PBXFileReference; lastKnownFileType = sourcecode.c.objc; path = main.m; sourceTree = "<group>"; };
		B0C7104718B65A5800245567 /* AngelDemo-Prefix.pch */ = {isa = PBXFileReference; lastKnownFileType = sourcecode.c.h; path = "AngelDemo-Prefix.pch"; sourceTree = "<group>"; };
		B0C7104818B65A5800245567 /* AppDelegate.h */ = {isa = PBXFileReference; lastKnownFileType = sourcecode.c.h; path = AppDelegate.h; sourceTree = "<group>"; };
		B0C7104918B65A5800245567 /* AppDelegate.m */ = {isa = PBXFileReference; lastKnownFileType = sourcecode.c.objc; path = AppDelegate.m; sourceTree = "<group>"; };
		B0C7104C18B65A5800245567 /* Base */ = {isa = PBXFileReference; lastKnownFileType = file.storyboard; name = Base; path = Base.lproj/Main_iPhone.storyboard; sourceTree = "<group>"; };
		B0C7104F18B65A5800245567 /* Base */ = {isa = PBXFileReference; lastKnownFileType = file.storyboard; name = Base; path = Base.lproj/Main_iPad.storyboard; sourceTree = "<group>"; };
		B0C7105118B65A5800245567 /* ViewController.h */ = {isa = PBXFileReference; lastKnownFileType = sourcecode.c.h; path = ViewController.h; sourceTree = "<group>"; };
		B0C7105218B65A5800245567 /* ViewController.m */ = {isa = PBXFileReference; lastKnownFileType = sourcecode.c.objc; path = ViewController.m; sourceTree = "<group>"; };
		B0C7105418B65A5800245567 /* Images.xcassets */ = {isa = PBXFileReference; lastKnownFileType = folder.assetcatalog; path = Images.xcassets; sourceTree = "<group>"; };
		B0C7105A18B65A5900245567 /* AngelDemoTests.xctest */ = {isa = PBXFileReference; explicitFileType = wrapper.cfbundle; includeInIndex = 0; path = AngelDemoTests.xctest; sourceTree = BUILT_PRODUCTS_DIR; };
		B0C7105B18B65A5900245567 /* XCTest.framework */ = {isa = PBXFileReference; lastKnownFileType = wrapper.framework; name = XCTest.framework; path = Library/Frameworks/XCTest.framework; sourceTree = DEVELOPER_DIR; };
/* End PBXFileReference section */

/* Begin PBXFrameworksBuildPhase section */
		B0C7103318B65A5800245567 /* Frameworks */ = {
			isa = PBXFrameworksBuildPhase;
			buildActionMask = 2147483647;
			files = (
				B06546F518B75EF30021AF58 /* MessageUI.framework in Frameworks */,
				B004AAC218B75504003FA812 /* CoreBluetooth.framework in Frameworks */,
				B092B42818B690F20013653D /* CoreLocation.framework in Frameworks */,
				B092B42618B690EB0013653D /* MapKit.framework in Frameworks */,
				B0C7103C18B65A5800245567 /* CoreGraphics.framework in Frameworks */,
				B0C7103E18B65A5800245567 /* UIKit.framework in Frameworks */,
				B0C7103A18B65A5800245567 /* Foundation.framework in Frameworks */,
			);
			runOnlyForDeploymentPostprocessing = 0;
		};
		B0C7105718B65A5900245567 /* Frameworks */ = {
			isa = PBXFrameworksBuildPhase;
			buildActionMask = 2147483647;
			files = (
				B0C7105C18B65A5900245567 /* XCTest.framework in Frameworks */,
				B0C7105E18B65A5900245567 /* UIKit.framework in Frameworks */,
				B0C7105D18B65A5900245567 /* Foundation.framework in Frameworks */,
			);
			runOnlyForDeploymentPostprocessing = 0;
		};
/* End PBXFrameworksBuildPhase section */

/* Begin PBXGroup section */
		B004AAC618B759E2003FA812 /* SensorTag */ = {
			isa = PBXGroup;
			children = (
				AC28D84818B8C2CF0054DA9F /* BLEDevice.h */,
				AC28D84918B8C2CF0054DA9F /* BLEDevice.m */,
				AC28D84A18B8C2CF0054DA9F /* BLEUtility.h */,
				AC28D84B18B8C2CF0054DA9F /* BLEUtility.m */,
				ACEDC7F318BA0AB100A96FB5 /* angelIcon.png */,
				AC28D84C18B8C2CF0054DA9F /* deviceCellTemplate.h */,
				AC28D84D18B8C2CF0054DA9F /* deviceCellTemplate.m */,
				ACEDC7F518BA0B0800A96FB5 /* angel2.png */,
				AC28D84E18B8C2CF0054DA9F /* deviceSelector.h */,
				AC28D84F18B8C2CF0054DA9F /* deviceSelector.m */,
				AC28D85018B8C2CF0054DA9F /* Sensors.h */,
				AC28D85118B8C2CF0054DA9F /* Sensors.m */,
				AC28D85218B8C2CF0054DA9F /* SensorTagApplicationViewController.h */,
				AC28D85318B8C2CF0054DA9F /* SensorTagApplicationViewController.m */,
			);
			name = SensorTag;
			sourceTree = "<group>";
		};
		B0C7102D18B65A5800245567 = {
			isa = PBXGroup;
			children = (
				B004AAC618B759E2003FA812 /* SensorTag */,
				B0C7103F18B65A5800245567 /* AngelDemo */,
				B0C7103818B65A5800245567 /* Frameworks */,
				B0C7103718B65A5800245567 /* Products */,
			);
			sourceTree = "<group>";
		};
		B0C7103718B65A5800245567 /* Products */ = {
			isa = PBXGroup;
			children = (
				B0C7103618B65A5800245567 /* AngelDemo.app */,
				B0C7105A18B65A5900245567 /* AngelDemoTests.xctest */,
			);
			name = Products;
			sourceTree = "<group>";
		};
		B0C7103818B65A5800245567 /* Frameworks */ = {
			isa = PBXGroup;
			children = (
				B06546F418B75EF30021AF58 /* MessageUI.framework */,
				B004AAC118B75504003FA812 /* CoreBluetooth.framework */,
				B092B42718B690F20013653D /* CoreLocation.framework */,
				B092B42518B690EB0013653D /* MapKit.framework */,
				B0C7103918B65A5800245567 /* Foundation.framework */,
				B0C7103B18B65A5800245567 /* CoreGraphics.framework */,
				B0C7103D18B65A5800245567 /* UIKit.framework */,
				B0C7105B18B65A5900245567 /* XCTest.framework */,
			);
			name = Frameworks;
			sourceTree = "<group>";
		};
		B0C7103F18B65A5800245567 /* AngelDemo */ = {
			isa = PBXGroup;
			children = (
				B092B42318B68ED70013653D /* Default.png */,
				B0C7104818B65A5800245567 /* AppDelegate.h */,
				B092B41F18B683370013653D /* pair.png */,
				B0C7104918B65A5800245567 /* AppDelegate.m */,
				B0C7104B18B65A5800245567 /* Main_iPhone.storyboard */,
				B0C7104E18B65A5800245567 /* Main_iPad.storyboard */,
				B0C7105118B65A5800245567 /* ViewController.h */,
				B0C7105218B65A5800245567 /* ViewController.m */,
				B0C7105418B65A5800245567 /* Images.xcassets */,
				B0C7104018B65A5800245567 /* Supporting Files */,
				B092B41C18B670A50013653D /* PairView.h */,
				B092B41D18B670A50013653D /* PairView.m */,
			);
			path = AngelDemo;
			sourceTree = "<group>";
		};
		B0C7104018B65A5800245567 /* Supporting Files */ = {
			isa = PBXGroup;
			children = (
				B0C7104118B65A5800245567 /* AngelDemo-Info.plist */,
				B0C7104218B65A5800245567 /* InfoPlist.strings */,
				B0C7104518B65A5800245567 /* main.m */,
				B0C7104718B65A5800245567 /* AngelDemo-Prefix.pch */,
			);
			name = "Supporting Files";
			sourceTree = "<group>";
		};
/* End PBXGroup section */

/* Begin PBXNativeTarget section */
		B0C7103518B65A5800245567 /* AngelDemo */ = {
			isa = PBXNativeTarget;
			buildConfigurationList = B0C7106B18B65A5900245567 /* Build configuration list for PBXNativeTarget "AngelDemo" */;
			buildPhases = (
				B0C7103218B65A5800245567 /* Sources */,
				B0C7103318B65A5800245567 /* Frameworks */,
				B0C7103418B65A5800245567 /* Resources */,
			);
			buildRules = (
			);
			dependencies = (
			);
			name = AngelDemo;
			productName = AngelDemo;
			productReference = B0C7103618B65A5800245567 /* AngelDemo.app */;
			productType = "com.apple.product-type.application";
		};
		B0C7105918B65A5900245567 /* AngelDemoTests */ = {
			isa = PBXNativeTarget;
			buildConfigurationList = B0C7106E18B65A5900245567 /* Build configuration list for PBXNativeTarget "AngelDemoTests" */;
			buildPhases = (
				B0C7105618B65A5900245567 /* Sources */,
				B0C7105718B65A5900245567 /* Frameworks */,
				B0C7105818B65A5900245567 /* Resources */,
			);
			buildRules = (
			);
			dependencies = (
				B0C7106018B65A5900245567 /* PBXTargetDependency */,
			);
			name = AngelDemoTests;
			productName = AngelDemoTests;
			productReference = B0C7105A18B65A5900245567 /* AngelDemoTests.xctest */;
			productType = "com.apple.product-type.bundle.unit-test";
		};
/* End PBXNativeTarget section */

/* Begin PBXProject section */
		B0C7102E18B65A5800245567 /* Project object */ = {
			isa = PBXProject;
			attributes = {
				LastUpgradeCheck = 0500;
				ORGANIZATIONNAME = "Ugur Kirbac";
				TargetAttributes = {
					B0C7103518B65A5800245567 = {
						DevelopmentTeam = 62J3L86HS3;
					};
					B0C7105918B65A5900245567 = {
						TestTargetID = B0C7103518B65A5800245567;
					};
				};
			};
			buildConfigurationList = B0C7103118B65A5800245567 /* Build configuration list for PBXProject "AngelDemo" */;
			compatibilityVersion = "Xcode 3.2";
			developmentRegion = English;
			hasScannedForEncodings = 0;
			knownRegions = (
				en,
				Base,
			);
			mainGroup = B0C7102D18B65A5800245567;
			productRefGroup = B0C7103718B65A5800245567 /* Products */;
			projectDirPath = "";
			projectRoot = "";
			targets = (
				B0C7103518B65A5800245567 /* AngelDemo */,
				B0C7105918B65A5900245567 /* AngelDemoTests */,
			);
		};
/* End PBXProject section */

/* Begin PBXResourcesBuildPhase section */
		B0C7103418B65A5800245567 /* Resources */ = {
			isa = PBXResourcesBuildPhase;
			buildActionMask = 2147483647;
			files = (
				ACEDC7F718BA2CB800A96FB5 /* Main_iPhone.storyboard in Resources */,
				ACEDC7F818BA2CB800A96FB5 /* Main_iPad.storyboard in Resources */,
				B092B42018B683370013653D /* pair.png in Resources */,
				B0C7105518B65A5900245567 /* Images.xcassets in Resources */,
				B092B42418B68ED70013653D /* Default.png in Resources */,
				ACEDC7F418BA0AB100A96FB5 /* angelIcon.png in Resources */,
				ACEDC7F618BA0B0800A96FB5 /* angel2.png in Resources */,
				B0C7104418B65A5800245567 /* InfoPlist.strings in Resources */,
			);
			runOnlyForDeploymentPostprocessing = 0;
		};
		B0C7105818B65A5900245567 /* Resources */ = {
			isa = PBXResourcesBuildPhase;
			buildActionMask = 2147483647;
			files = (
			);
			runOnlyForDeploymentPostprocessing = 0;
		};
/* End PBXResourcesBuildPhase section */

/* Begin PBXSourcesBuildPhase section */
		B0C7103218B65A5800245567 /* Sources */ = {
			isa = PBXSourcesBuildPhase;
			buildActionMask = 2147483647;
			files = (
				AC28D85918B8C2CF0054DA9F /* SensorTagApplicationViewController.m in Sources */,
				AC28D85618B8C2CF0054DA9F /* deviceCellTemplate.m in Sources */,
				AC28D85518B8C2CF0054DA9F /* BLEUtility.m in Sources */,
				B092B41E18B670A50013653D /* PairView.m in Sources */,
				AC28D85418B8C2CF0054DA9F /* BLEDevice.m in Sources */,
				AC28D85718B8C2CF0054DA9F /* deviceSelector.m in Sources */,
				B0C7105318B65A5800245567 /* ViewController.m in Sources */,
				B0C7104A18B65A5800245567 /* AppDelegate.m in Sources */,
				B0C7104618B65A5800245567 /* main.m in Sources */,
				AC28D85818B8C2CF0054DA9F /* Sensors.m in Sources */,
			);
			runOnlyForDeploymentPostprocessing = 0;
		};
		B0C7105618B65A5900245567 /* Sources */ = {
			isa = PBXSourcesBuildPhase;
			buildActionMask = 2147483647;
			files = (
			);
			runOnlyForDeploymentPostprocessing = 0;
		};
/* End PBXSourcesBuildPhase section */

/* Begin PBXTargetDependency section */
		B0C7106018B65A5900245567 /* PBXTargetDependency */ = {
			isa = PBXTargetDependency;
			target = B0C7103518B65A5800245567 /* AngelDemo */;
			targetProxy = B0C7105F18B65A5900245567 /* PBXContainerItemProxy */;
		};
/* End PBXTargetDependency section */

/* Begin PBXVariantGroup section */
		B0C7104218B65A5800245567 /* InfoPlist.strings */ = {
			isa = PBXVariantGroup;
			children = (
				B0C7104318B65A5800245567 /* en */,
			);
			name = InfoPlist.strings;
			sourceTree = "<group>";
		};
		B0C7104B18B65A5800245567 /* Main_iPhone.storyboard */ = {
			isa = PBXVariantGroup;
			children = (
				B0C7104C18B65A5800245567 /* Base */,
			);
			name = Main_iPhone.storyboard;
			sourceTree = "<group>";
		};
		B0C7104E18B65A5800245567 /* Main_iPad.storyboard */ = {
			isa = PBXVariantGroup;
			children = (
				B0C7104F18B65A5800245567 /* Base */,
			);
			name = Main_iPad.storyboard;
			sourceTree = "<group>";
		};
/* End PBXVariantGroup section */

/* Begin XCBuildConfiguration section */
		B0C7106918B65A5900245567 /* Debug */ = {
			isa = XCBuildConfiguration;
			buildSettings = {
				ALWAYS_SEARCH_USER_PATHS = NO;
				ARCHS = "$(ARCHS_STANDARD_INCLUDING_64_BIT)";
				CLANG_CXX_LANGUAGE_STANDARD = "gnu++0x";
				CLANG_CXX_LIBRARY = "libc++";
				CLANG_ENABLE_MODULES = YES;
				CLANG_ENABLE_OBJC_ARC = YES;
				CLANG_WARN_BOOL_CONVERSION = YES;
				CLANG_WARN_CONSTANT_CONVERSION = YES;
				CLANG_WARN_DIRECT_OBJC_ISA_USAGE = YES_ERROR;
				CLANG_WARN_EMPTY_BODY = YES;
				CLANG_WARN_ENUM_CONVERSION = YES;
				CLANG_WARN_INT_CONVERSION = YES;
				CLANG_WARN_OBJC_ROOT_CLASS = YES_ERROR;
				CLANG_WARN__DUPLICATE_METHOD_MATCH = YES;
				"CODE_SIGN_IDENTITY[sdk=iphoneos*]" = "iPhone Developer";
				COPY_PHASE_STRIP = NO;
				GCC_C_LANGUAGE_STANDARD = gnu99;
				GCC_DYNAMIC_NO_PIC = NO;
				GCC_OPTIMIZATION_LEVEL = 0;
				GCC_PREPROCESSOR_DEFINITIONS = (
					"DEBUG=1",
					"$(inherited)",
				);
				GCC_SYMBOLS_PRIVATE_EXTERN = NO;
				GCC_WARN_64_TO_32_BIT_CONVERSION = YES;
				GCC_WARN_ABOUT_RETURN_TYPE = YES_ERROR;
				GCC_WARN_UNDECLARED_SELECTOR = YES;
				GCC_WARN_UNINITIALIZED_AUTOS = YES;
				GCC_WARN_UNUSED_FUNCTION = YES;
				GCC_WARN_UNUSED_VARIABLE = YES;
				IPHONEOS_DEPLOYMENT_TARGET = 7.0;
				ONLY_ACTIVE_ARCH = YES;
				SDKROOT = iphoneos;
				TARGETED_DEVICE_FAMILY = "1,2";
			};
			name = Debug;
		};
		B0C7106A18B65A5900245567 /* Release */ = {
			isa = XCBuildConfiguration;
			buildSettings = {
				ALWAYS_SEARCH_USER_PATHS = NO;
				ARCHS = "$(ARCHS_STANDARD_INCLUDING_64_BIT)";
				CLANG_CXX_LANGUAGE_STANDARD = "gnu++0x";
				CLANG_CXX_LIBRARY = "libc++";
				CLANG_ENABLE_MODULES = YES;
				CLANG_ENABLE_OBJC_ARC = YES;
				CLANG_WARN_BOOL_CONVERSION = YES;
				CLANG_WARN_CONSTANT_CONVERSION = YES;
				CLANG_WARN_DIRECT_OBJC_ISA_USAGE = YES_ERROR;
				CLANG_WARN_EMPTY_BODY = YES;
				CLANG_WARN_ENUM_CONVERSION = YES;
				CLANG_WARN_INT_CONVERSION = YES;
				CLANG_WARN_OBJC_ROOT_CLASS = YES_ERROR;
				CLANG_WARN__DUPLICATE_METHOD_MATCH = YES;
				"CODE_SIGN_IDENTITY[sdk=iphoneos*]" = "iPhone Developer";
				COPY_PHASE_STRIP = YES;
				ENABLE_NS_ASSERTIONS = NO;
				GCC_C_LANGUAGE_STANDARD = gnu99;
				GCC_WARN_64_TO_32_BIT_CONVERSION = YES;
				GCC_WARN_ABOUT_RETURN_TYPE = YES_ERROR;
				GCC_WARN_UNDECLARED_SELECTOR = YES;
				GCC_WARN_UNINITIALIZED_AUTOS = YES;
				GCC_WARN_UNUSED_FUNCTION = YES;
				GCC_WARN_UNUSED_VARIABLE = YES;
				IPHONEOS_DEPLOYMENT_TARGET = 7.0;
				SDKROOT = iphoneos;
				TARGETED_DEVICE_FAMILY = "1,2";
				VALIDATE_PRODUCT = YES;
			};
			name = Release;
		};
		B0C7106C18B65A5900245567 /* Debug */ = {
			isa = XCBuildConfiguration;
			buildSettings = {
				ASSETCATALOG_COMPILER_APPICON_NAME = AppIcon;
				CODE_SIGN_IDENTITY = "iPhone Developer";
				"CODE_SIGN_IDENTITY[sdk=iphoneos*]" = "iPhone Developer";
				GCC_PRECOMPILE_PREFIX_HEADER = YES;
				GCC_PREFIX_HEADER = "AngelDemo/AngelDemo-Prefix.pch";
				INFOPLIST_FILE = "AngelDemo/AngelDemo-Info.plist";
				LIBRARY_SEARCH_PATHS = (
					"$(inherited)",
					"/Users/ugurkirbac/Desktop/iOS\\ Angel\\ Demo/AngelDemo/AngelDemo/ZBarSDK",
				);
				PRODUCT_NAME = "$(TARGET_NAME)";
				PROVISIONING_PROFILE = "";
				TARGETED_DEVICE_FAMILY = "1,2";
				WRAPPER_EXTENSION = app;
			};
			name = Debug;
		};
		B0C7106D18B65A5900245567 /* Release */ = {
			isa = XCBuildConfiguration;
			buildSettings = {
				ASSETCATALOG_COMPILER_APPICON_NAME = AppIcon;
				CODE_SIGN_IDENTITY = "iPhone Developer";
				"CODE_SIGN_IDENTITY[sdk=iphoneos*]" = "iPhone Developer";
				GCC_PRECOMPILE_PREFIX_HEADER = YES;
				GCC_PREFIX_HEADER = "AngelDemo/AngelDemo-Prefix.pch";
				INFOPLIST_FILE = "AngelDemo/AngelDemo-Info.plist";
				LIBRARY_SEARCH_PATHS = (
					"$(inherited)",
					"/Users/ugurkirbac/Desktop/iOS\\ Angel\\ Demo/AngelDemo/AngelDemo/ZBarSDK",
				);
				PRODUCT_NAME = "$(TARGET_NAME)";
				PROVISIONING_PROFILE = "";
				TARGETED_DEVICE_FAMILY = "1,2";
				WRAPPER_EXTENSION = app;
			};
			name = Release;
		};
		B0C7106F18B65A5900245567 /* Debug */ = {
			isa = XCBuildConfiguration;
			buildSettings = {
				ARCHS = "$(ARCHS_STANDARD_INCLUDING_64_BIT)";
				BUNDLE_LOADER = "$(BUILT_PRODUCTS_DIR)/AngelDemo.app/AngelDemo";
				FRAMEWORK_SEARCH_PATHS = (
					"$(SDKROOT)/Developer/Library/Frameworks",
					"$(inherited)",
					"$(DEVELOPER_FRAMEWORKS_DIR)",
				);
				GCC_PRECOMPILE_PREFIX_HEADER = YES;
				GCC_PREFIX_HEADER = "AngelDemo/AngelDemo-Prefix.pch";
				GCC_PREPROCESSOR_DEFINITIONS = (
					"DEBUG=1",
					"$(inherited)",
				);
				INFOPLIST_FILE = "AngelDemoTests/AngelDemoTests-Info.plist";
				PRODUCT_NAME = "$(TARGET_NAME)";
				TEST_HOST = "$(BUNDLE_LOADER)";
				WRAPPER_EXTENSION = xctest;
			};
			name = Debug;
		};
		B0C7107018B65A5900245567 /* Release */ = {
			isa = XCBuildConfiguration;
			buildSettings = {
				ARCHS = "$(ARCHS_STANDARD_INCLUDING_64_BIT)";
				BUNDLE_LOADER = "$(BUILT_PRODUCTS_DIR)/AngelDemo.app/AngelDemo";
				FRAMEWORK_SEARCH_PATHS = (
					"$(SDKROOT)/Developer/Library/Frameworks",
					"$(inherited)",
					"$(DEVELOPER_FRAMEWORKS_DIR)",
				);
				GCC_PRECOMPILE_PREFIX_HEADER = YES;
				GCC_PREFIX_HEADER = "AngelDemo/AngelDemo-Prefix.pch";
				INFOPLIST_FILE = "AngelDemoTests/AngelDemoTests-Info.plist";
				PRODUCT_NAME = "$(TARGET_NAME)";
				TEST_HOST = "$(BUNDLE_LOADER)";
				WRAPPER_EXTENSION = xctest;
			};
			name = Release;
		};
/* End XCBuildConfiguration section */

/* Begin XCConfigurationList section */
		B0C7103118B65A5800245567 /* Build configuration list for PBXProject "AngelDemo" */ = {
			isa = XCConfigurationList;
			buildConfigurations = (
				B0C7106918B65A5900245567 /* Debug */,
				B0C7106A18B65A5900245567 /* Release */,
			);
			defaultConfigurationIsVisible = 0;
			defaultConfigurationName = Release;
		};
		B0C7106B18B65A5900245567 /* Build configuration list for PBXNativeTarget "AngelDemo" */ = {
			isa = XCConfigurationList;
			buildConfigurations = (
				B0C7106C18B65A5900245567 /* Debug */,
				B0C7106D18B65A5900245567 /* Release */,
			);
			defaultConfigurationIsVisible = 0;
			defaultConfigurationName = Release;
		};
		B0C7106E18B65A5900245567 /* Build configuration list for PBXNativeTarget "AngelDemoTests" */ = {
			isa = XCConfigurationList;
			buildConfigurations = (
				B0C7106F18B65A5900245567 /* Debug */,
				B0C7107018B65A5900245567 /* Release */,
			);
			defaultConfigurationIsVisible = 0;
			defaultConfigurationName = Release;
		};
/* End XCConfigurationList section */
	};
	rootObject = B0C7102E18B65A5800245567 /* Project object */;
}
